// !$*UTF8*$!
{
	archiveVersion = 1;
	classes = {
	};
	objectVersion = 46;
	objects = {

/* Begin PBXBuildFile section */
		A15316FE1B2596A10006503A /* GCDAsyncUdpSocket.m in Sources */ = {isa = PBXBuildFile; fileRef = A15316FD1B2596A10006503A /* GCDAsyncUdpSocket.m */; };
		A1C70FB81B20204D00C240FD /* ysocket.swift in Sources */ = {isa = PBXBuildFile; fileRef = A1C70FB31B20204D00C240FD /* ysocket.swift */; };
		A1C70FB91B20204D00C240FD /* ytcpsocket.c in Sources */ = {isa = PBXBuildFile; fileRef = A1C70FB41B20204D00C240FD /* ytcpsocket.c */; };
		A1C70FBA1B20204D00C240FD /* ytcpsocket.swift in Sources */ = {isa = PBXBuildFile; fileRef = A1C70FB51B20204D00C240FD /* ytcpsocket.swift */; };
		A1C70FBB1B20204D00C240FD /* yudpsocket.c in Sources */ = {isa = PBXBuildFile; fileRef = A1C70FB61B20204D00C240FD /* yudpsocket.c */; };
		A1C70FBC1B20204D00C240FD /* yudpsocket.swift in Sources */ = {isa = PBXBuildFile; fileRef = A1C70FB71B20204D00C240FD /* yudpsocket.swift */; };
		A1C70FBE1B20206000C240FD /* Common.swift in Sources */ = {isa = PBXBuildFile; fileRef = A1C70FBD1B20206000C240FD /* Common.swift */; };
		A1DE16691B25366C00CEB3F6 /* NU.m in Sources */ = {isa = PBXBuildFile; fileRef = A1DE16681B25366C00CEB3F6 /* NU.m */; };
		A1E1BC861BCEAB7700FAFBE3 /* openssl in Resources */ = {isa = PBXBuildFile; fileRef = A1E1BC851BCEAB7700FAFBE3 /* openssl */; settings = {ASSET_TAGS = (); }; };
		C02A6C0B1A43CE9000049A7E /* AppDelegate.swift in Sources */ = {isa = PBXBuildFile; fileRef = C02A6C0A1A43CE9000049A7E /* AppDelegate.swift */; };
		C02A6C0D1A43CE9000049A7E /* ViewController.swift in Sources */ = {isa = PBXBuildFile; fileRef = C02A6C0C1A43CE9000049A7E /* ViewController.swift */; };
		C02A6C0F1A43CE9000049A7E /* Images.xcassets in Resources */ = {isa = PBXBuildFile; fileRef = C02A6C0E1A43CE9000049A7E /* Images.xcassets */; };
		C02A6C121A43CE9000049A7E /* Main.storyboard in Resources */ = {isa = PBXBuildFile; fileRef = C02A6C101A43CE9000049A7E /* Main.storyboard */; };
		C02A6C1E1A43CE9000049A7E /* instabtbu_for_macTests.swift in Sources */ = {isa = PBXBuildFile; fileRef = C02A6C1D1A43CE9000049A7E /* instabtbu_for_macTests.swift */; };
		C02A6C301A43CEC200049A7E /* libssl.a in Frameworks */ = {isa = PBXBuildFile; fileRef = C02A6C281A43CEC200049A7E /* libssl.a */; };
		C02A6C311A43CEC200049A7E /* libcrypto.a in Frameworks */ = {isa = PBXBuildFile; fileRef = C02A6C291A43CEC200049A7E /* libcrypto.a */; };
		C02A6C321A43CEC200049A7E /* oc.m in Sources */ = {isa = PBXBuildFile; fileRef = C02A6C2B1A43CEC200049A7E /* oc.m */; };
		C02A6C381A43CECF00049A7E /* testc.c in Sources */ = {isa = PBXBuildFile; fileRef = C02A6C361A43CECF00049A7E /* testc.c */; };
/* End PBXBuildFile section */

/* Begin PBXContainerItemProxy section */
		C02A6C181A43CE9000049A7E /* PBXContainerItemProxy */ = {
			isa = PBXContainerItemProxy;
			containerPortal = C02A6BFD1A43CE9000049A7E /* Project object */;
			proxyType = 1;
			remoteGlobalIDString = C02A6C041A43CE9000049A7E;
			remoteInfo = "instabtbu for mac";
		};
/* End PBXContainerItemProxy section */

/* Begin PBXFileReference section */
		A15316FC1B2596A10006503A /* GCDAsyncUdpSocket.h */ = {isa = PBXFileReference; fileEncoding = 4; lastKnownFileType = sourcecode.c.h; path = GCDAsyncUdpSocket.h; sourceTree = "<group>"; };
		A15316FD1B2596A10006503A /* GCDAsyncUdpSocket.m */ = {isa = PBXFileReference; fileEncoding = 4; lastKnownFileType = sourcecode.c.objc; path = GCDAsyncUdpSocket.m; sourceTree = "<group>"; };
		A1C70FB31B20204D00C240FD /* ysocket.swift */ = {isa = PBXFileReference; fileEncoding = 4; lastKnownFileType = sourcecode.swift; path = ysocket.swift; sourceTree = "<group>"; };
		A1C70FB41B20204D00C240FD /* ytcpsocket.c */ = {isa = PBXFileReference; fileEncoding = 4; lastKnownFileType = sourcecode.c.c; path = ytcpsocket.c; sourceTree = "<group>"; };
		A1C70FB51B20204D00C240FD /* ytcpsocket.swift */ = {isa = PBXFileReference; fileEncoding = 4; lastKnownFileType = sourcecode.swift; path = ytcpsocket.swift; sourceTree = "<group>"; };
		A1C70FB61B20204D00C240FD /* yudpsocket.c */ = {isa = PBXFileReference; fileEncoding = 4; lastKnownFileType = sourcecode.c.c; path = yudpsocket.c; sourceTree = "<group>"; };
		A1C70FB71B20204D00C240FD /* yudpsocket.swift */ = {isa = PBXFileReference; fileEncoding = 4; lastKnownFileType = sourcecode.swift; path = yudpsocket.swift; sourceTree = "<group>"; };
		A1C70FBD1B20206000C240FD /* Common.swift */ = {isa = PBXFileReference; fileEncoding = 4; lastKnownFileType = sourcecode.swift; path = Common.swift; sourceTree = "<group>"; };
		A1DE16671B25366C00CEB3F6 /* NU.h */ = {isa = PBXFileReference; fileEncoding = 4; lastKnownFileType = sourcecode.c.h; path = NU.h; sourceTree = "<group>"; };
		A1DE16681B25366C00CEB3F6 /* NU.m */ = {isa = PBXFileReference; fileEncoding = 4; lastKnownFileType = sourcecode.c.objc; path = NU.m; sourceTree = "<group>"; };
		A1E1BC851BCEAB7700FAFBE3 /* openssl */ = {isa = PBXFileReference; lastKnownFileType = folder; path = openssl; sourceTree = "<group>"; };
		C02A6C051A43CE9000049A7E /* instabtbu private.app */ = {isa = PBXFileReference; explicitFileType = wrapper.application; includeInIndex = 0; path = "instabtbu private.app"; sourceTree = BUILT_PRODUCTS_DIR; };
		C02A6C091A43CE9000049A7E /* Info.plist */ = {isa = PBXFileReference; lastKnownFileType = text.plist.xml; path = Info.plist; sourceTree = "<group>"; };
		C02A6C0A1A43CE9000049A7E /* AppDelegate.swift */ = {isa = PBXFileReference; lastKnownFileType = sourcecode.swift; path = AppDelegate.swift; sourceTree = "<group>"; };
		C02A6C0C1A43CE9000049A7E /* ViewController.swift */ = {isa = PBXFileReference; lastKnownFileType = sourcecode.swift; path = ViewController.swift; sourceTree = "<group>"; };
		C02A6C0E1A43CE9000049A7E /* Images.xcassets */ = {isa = PBXFileReference; lastKnownFileType = folder.assetcatalog; path = Images.xcassets; sourceTree = "<group>"; };
		C02A6C111A43CE9000049A7E /* Base */ = {isa = PBXFileReference; lastKnownFileType = file.storyboard; name = Base; path = Base.lproj/Main.storyboard; sourceTree = "<group>"; };
		C02A6C171A43CE9000049A7E /* instabtbu privateTests.xctest */ = {isa = PBXFileReference; explicitFileType = wrapper.cfbundle; includeInIndex = 0; path = "instabtbu privateTests.xctest"; sourceTree = BUILT_PRODUCTS_DIR; };
		C02A6C1C1A43CE9000049A7E /* Info.plist */ = {isa = PBXFileReference; lastKnownFileType = text.plist.xml; path = Info.plist; sourceTree = "<group>"; };
		C02A6C1D1A43CE9000049A7E /* instabtbu_for_macTests.swift */ = {isa = PBXFileReference; lastKnownFileType = sourcecode.swift; path = instabtbu_for_macTests.swift; sourceTree = "<group>"; };
		C02A6C271A43CEC000049A7E /* instabtbu for mac-Bridging-Header.h */ = {isa = PBXFileReference; lastKnownFileType = sourcecode.c.h; path = "instabtbu for mac-Bridging-Header.h"; sourceTree = "<group>"; };
		C02A6C281A43CEC200049A7E /* libssl.a */ = {isa = PBXFileReference; lastKnownFileType = archive.ar; path = libssl.a; sourceTree = "<group>"; };
		C02A6C291A43CEC200049A7E /* libcrypto.a */ = {isa = PBXFileReference; lastKnownFileType = archive.ar; path = libcrypto.a; sourceTree = "<group>"; };
		C02A6C2A1A43CEC200049A7E /* oc.h */ = {isa = PBXFileReference; fileEncoding = 4; lastKnownFileType = sourcecode.c.h; path = oc.h; sourceTree = "<group>"; };
		C02A6C2B1A43CEC200049A7E /* oc.m */ = {isa = PBXFileReference; fileEncoding = 4; lastKnownFileType = sourcecode.c.objc; path = oc.m; sourceTree = "<group>"; };
		C02A6C361A43CECF00049A7E /* testc.c */ = {isa = PBXFileReference; fileEncoding = 4; lastKnownFileType = sourcecode.c.c; path = testc.c; sourceTree = "<group>"; };
		C02A6C371A43CECF00049A7E /* testc.h */ = {isa = PBXFileReference; fileEncoding = 4; lastKnownFileType = sourcecode.c.h; path = testc.h; sourceTree = "<group>"; };
/* End PBXFileReference section */

/* Begin PBXFrameworksBuildPhase section */
		C02A6C021A43CE9000049A7E /* Frameworks */ = {
			isa = PBXFrameworksBuildPhase;
			buildActionMask = 2147483647;
			files = (
				C02A6C311A43CEC200049A7E /* libcrypto.a in Frameworks */,
				C02A6C301A43CEC200049A7E /* libssl.a in Frameworks */,
			);
			runOnlyForDeploymentPostprocessing = 0;
		};
		C02A6C141A43CE9000049A7E /* Frameworks */ = {
			isa = PBXFrameworksBuildPhase;
			buildActionMask = 2147483647;
			files = (
			);
			runOnlyForDeploymentPostprocessing = 0;
		};
/* End PBXFrameworksBuildPhase section */

/* Begin PBXGroup section */
		C02A6BFC1A43CE9000049A7E = {
			isa = PBXGroup;
			children = (
				C02A6C071A43CE9000049A7E /* instabtbu for mac */,
				C02A6C1A1A43CE9000049A7E /* instabtbu for macTests */,
				C02A6C061A43CE9000049A7E /* Products */,
			);
			sourceTree = "<group>";
		};
		C02A6C061A43CE9000049A7E /* Products */ = {
			isa = PBXGroup;
			children = (
				C02A6C051A43CE9000049A7E /* instabtbu private.app */,
				C02A6C171A43CE9000049A7E /* instabtbu privateTests.xctest */,
			);
			name = Products;
			sourceTree = "<group>";
		};
		C02A6C071A43CE9000049A7E /* instabtbu for mac */ = {
			isa = PBXGroup;
			children = (
				A1E1BC851BCEAB7700FAFBE3 /* openssl */,
				C02A6C0A1A43CE9000049A7E /* AppDelegate.swift */,
				C02A6C0C1A43CE9000049A7E /* ViewController.swift */,
				C02A6C101A43CE9000049A7E /* Main.storyboard */,
				C02A6C281A43CEC200049A7E /* libssl.a */,
				C02A6C291A43CEC200049A7E /* libcrypto.a */,
				C02A6C2A1A43CEC200049A7E /* oc.h */,
				C02A6C2B1A43CEC200049A7E /* oc.m */,
				A1DE16671B25366C00CEB3F6 /* NU.h */,
				A1DE16681B25366C00CEB3F6 /* NU.m */,
				A15316FC1B2596A10006503A /* GCDAsyncUdpSocket.h */,
				A15316FD1B2596A10006503A /* GCDAsyncUdpSocket.m */,
				A1C70FB31B20204D00C240FD /* ysocket.swift */,
				A1C70FB41B20204D00C240FD /* ytcpsocket.c */,
				A1C70FB51B20204D00C240FD /* ytcpsocket.swift */,
				A1C70FB61B20204D00C240FD /* yudpsocket.c */,
				A1C70FB71B20204D00C240FD /* yudpsocket.swift */,
				A1C70FBD1B20206000C240FD /* Common.swift */,
				C02A6C361A43CECF00049A7E /* testc.c */,
				C02A6C371A43CECF00049A7E /* testc.h */,
				C02A6C0E1A43CE9000049A7E /* Images.xcassets */,
				C02A6C081A43CE9000049A7E /* Supporting Files */,
				C02A6C271A43CEC000049A7E /* instabtbu for mac-Bridging-Header.h */,
			);
			path = "instabtbu for mac";
			sourceTree = "<group>";
		};
		C02A6C081A43CE9000049A7E /* Supporting Files */ = {
			isa = PBXGroup;
			children = (
				C02A6C091A43CE9000049A7E /* Info.plist */,
			);
			name = "Supporting Files";
			sourceTree = "<group>";
		};
		C02A6C1A1A43CE9000049A7E /* instabtbu for macTests */ = {
			isa = PBXGroup;
			children = (
				C02A6C1D1A43CE9000049A7E /* instabtbu_for_macTests.swift */,
				C02A6C1B1A43CE9000049A7E /* Supporting Files */,
			);
			path = "instabtbu for macTests";
			sourceTree = "<group>";
		};
		C02A6C1B1A43CE9000049A7E /* Supporting Files */ = {
			isa = PBXGroup;
			children = (
				C02A6C1C1A43CE9000049A7E /* Info.plist */,
			);
			name = "Supporting Files";
			sourceTree = "<group>";
		};
/* End PBXGroup section */

/* Begin PBXNativeTarget section */
		C02A6C041A43CE9000049A7E /* instabtbu private */ = {
			isa = PBXNativeTarget;
			buildConfigurationList = C02A6C211A43CE9000049A7E /* Build configuration list for PBXNativeTarget "instabtbu private" */;
			buildPhases = (
				C02A6C011A43CE9000049A7E /* Sources */,
				C02A6C021A43CE9000049A7E /* Frameworks */,
				C02A6C031A43CE9000049A7E /* Resources */,
			);
			buildRules = (
			);
			dependencies = (
			);
			name = "instabtbu private";
			productName = "instabtbu for mac";
			productReference = C02A6C051A43CE9000049A7E /* instabtbu private.app */;
			productType = "com.apple.product-type.application";
		};
		C02A6C161A43CE9000049A7E /* instabtbu privateTests */ = {
			isa = PBXNativeTarget;
			buildConfigurationList = C02A6C241A43CE9000049A7E /* Build configuration list for PBXNativeTarget "instabtbu privateTests" */;
			buildPhases = (
				C02A6C131A43CE9000049A7E /* Sources */,
				C02A6C141A43CE9000049A7E /* Frameworks */,
				C02A6C151A43CE9000049A7E /* Resources */,
			);
			buildRules = (
			);
			dependencies = (
				C02A6C191A43CE9000049A7E /* PBXTargetDependency */,
			);
			name = "instabtbu privateTests";
			productName = "instabtbu for macTests";
			productReference = C02A6C171A43CE9000049A7E /* instabtbu privateTests.xctest */;
			productType = "com.apple.product-type.bundle.unit-test";
		};
/* End PBXNativeTarget section */

/* Begin PBXProject section */
		C02A6BFD1A43CE9000049A7E /* Project object */ = {
			isa = PBXProject;
			attributes = {
				LastSwiftUpdateCheck = 0700;
				LastUpgradeCheck = 0700;
				ORGANIZATIONNAME = "杨培文";
				TargetAttributes = {
					C02A6C041A43CE9000049A7E = {
						CreatedOnToolsVersion = 6.1.1;
					};
					C02A6C161A43CE9000049A7E = {
						CreatedOnToolsVersion = 6.1.1;
						TestTargetID = C02A6C041A43CE9000049A7E;
					};
				};
			};
			buildConfigurationList = C02A6C001A43CE9000049A7E /* Build configuration list for PBXProject "instabtbu private" */;
			compatibilityVersion = "Xcode 3.2";
			developmentRegion = English;
			hasScannedForEncodings = 0;
			knownRegions = (
				Base,
			);
			mainGroup = C02A6BFC1A43CE9000049A7E;
			productRefGroup = C02A6C061A43CE9000049A7E /* Products */;
			projectDirPath = "";
			projectRoot = "";
			targets = (
				C02A6C041A43CE9000049A7E /* instabtbu private */,
				C02A6C161A43CE9000049A7E /* instabtbu privateTests */,
			);
		};
/* End PBXProject section */

/* Begin PBXResourcesBuildPhase section */
		C02A6C031A43CE9000049A7E /* Resources */ = {
			isa = PBXResourcesBuildPhase;
			buildActionMask = 2147483647;
			files = (
				A1E1BC861BCEAB7700FAFBE3 /* openssl in Resources */,
				C02A6C0F1A43CE9000049A7E /* Images.xcassets in Resources */,
				C02A6C121A43CE9000049A7E /* Main.storyboard in Resources */,
			);
			runOnlyForDeploymentPostprocessing = 0;
		};
		C02A6C151A43CE9000049A7E /* Resources */ = {
			isa = PBXResourcesBuildPhase;
			buildActionMask = 2147483647;
			files = (
			);
			runOnlyForDeploymentPostprocessing = 0;
		};
/* End PBXResourcesBuildPhase section */

/* Begin PBXSourcesBuildPhase section */
		C02A6C011A43CE9000049A7E /* Sources */ = {
			isa = PBXSourcesBuildPhase;
			buildActionMask = 2147483647;
			files = (
				A1C70FB81B20204D00C240FD /* ysocket.swift in Sources */,
				C02A6C321A43CEC200049A7E /* oc.m in Sources */,
				A1DE16691B25366C00CEB3F6 /* NU.m in Sources */,
				C02A6C381A43CECF00049A7E /* testc.c in Sources */,
				A15316FE1B2596A10006503A /* GCDAsyncUdpSocket.m in Sources */,
				C02A6C0D1A43CE9000049A7E /* ViewController.swift in Sources */,
				A1C70FBE1B20206000C240FD /* Common.swift in Sources */,
				A1C70FBA1B20204D00C240FD /* ytcpsocket.swift in Sources */,
				A1C70FBB1B20204D00C240FD /* yudpsocket.c in Sources */,
				A1C70FBC1B20204D00C240FD /* yudpsocket.swift in Sources */,
				C02A6C0B1A43CE9000049A7E /* AppDelegate.swift in Sources */,
				A1C70FB91B20204D00C240FD /* ytcpsocket.c in Sources */,
			);
			runOnlyForDeploymentPostprocessing = 0;
		};
		C02A6C131A43CE9000049A7E /* Sources */ = {
			isa = PBXSourcesBuildPhase;
			buildActionMask = 2147483647;
			files = (
				C02A6C1E1A43CE9000049A7E /* instabtbu_for_macTests.swift in Sources */,
			);
			runOnlyForDeploymentPostprocessing = 0;
		};
/* End PBXSourcesBuildPhase section */

/* Begin PBXTargetDependency section */
		C02A6C191A43CE9000049A7E /* PBXTargetDependency */ = {
			isa = PBXTargetDependency;
			target = C02A6C041A43CE9000049A7E /* instabtbu private */;
			targetProxy = C02A6C181A43CE9000049A7E /* PBXContainerItemProxy */;
		};
/* End PBXTargetDependency section */

/* Begin PBXVariantGroup section */
		C02A6C101A43CE9000049A7E /* Main.storyboard */ = {
			isa = PBXVariantGroup;
			children = (
				C02A6C111A43CE9000049A7E /* Base */,
			);
			name = Main.storyboard;
			sourceTree = "<group>";
		};
/* End PBXVariantGroup section */

/* Begin XCBuildConfiguration section */
		C02A6C1F1A43CE9000049A7E /* Debug */ = {
			isa = XCBuildConfiguration;
			buildSettings = {
				ALWAYS_SEARCH_USER_PATHS = NO;
				CLANG_CXX_LANGUAGE_STANDARD = "gnu++0x";
				CLANG_CXX_LIBRARY = "libc++";
				CLANG_ENABLE_MODULES = YES;
				CLANG_ENABLE_OBJC_ARC = YES;
				CLANG_WARN_BOOL_CONVERSION = YES;
				CLANG_WARN_CONSTANT_CONVERSION = YES;
				CLANG_WARN_DIRECT_OBJC_ISA_USAGE = YES_ERROR;
				CLANG_WARN_EMPTY_BODY = YES;
				CLANG_WARN_ENUM_CONVERSION = YES;
				CLANG_WARN_INT_CONVERSION = YES;
				CLANG_WARN_OBJC_ROOT_CLASS = YES_ERROR;
				CLANG_WARN_UNREACHABLE_CODE = YES;
				CLANG_WARN__DUPLICATE_METHOD_MATCH = YES;
				CODE_SIGN_IDENTITY = "-";
				COPY_PHASE_STRIP = NO;
				ENABLE_STRICT_OBJC_MSGSEND = YES;
				ENABLE_TESTABILITY = YES;
				GCC_C_LANGUAGE_STANDARD = gnu99;
				GCC_DYNAMIC_NO_PIC = NO;
				GCC_OPTIMIZATION_LEVEL = 0;
				GCC_PREPROCESSOR_DEFINITIONS = (
					"DEBUG=1",
					"$(inherited)",
				);
				GCC_SYMBOLS_PRIVATE_EXTERN = NO;
				GCC_WARN_64_TO_32_BIT_CONVERSION = YES;
				GCC_WARN_ABOUT_RETURN_TYPE = YES_ERROR;
				GCC_WARN_UNDECLARED_SELECTOR = YES;
				GCC_WARN_UNINITIALIZED_AUTOS = YES_AGGRESSIVE;
				GCC_WARN_UNUSED_FUNCTION = YES;
				GCC_WARN_UNUSED_VARIABLE = YES;
				MACOSX_DEPLOYMENT_TARGET = 10.10;
				MTL_ENABLE_DEBUG_INFO = YES;
				ONLY_ACTIVE_ARCH = YES;
				OTHER_CFLAGS = "";
				OTHER_LDFLAGS = "-lz";
				SDKROOT = macosx;
				SWIFT_OPTIMIZATION_LEVEL = "-Onone";
			};
			name = Debug;
		};
		C02A6C201A43CE9000049A7E /* Release */ = {
			isa = XCBuildConfiguration;
			buildSettings = {
				ALWAYS_SEARCH_USER_PATHS = NO;
				CLANG_CXX_LANGUAGE_STANDARD = "gnu++0x";
				CLANG_CXX_LIBRARY = "libc++";
				CLANG_ENABLE_MODULES = YES;
				CLANG_ENABLE_OBJC_ARC = YES;
				CLANG_WARN_BOOL_CONVERSION = YES;
				CLANG_WARN_CONSTANT_CONVERSION = YES;
				CLANG_WARN_DIRECT_OBJC_ISA_USAGE = YES_ERROR;
				CLANG_WARN_EMPTY_BODY = YES;
				CLANG_WARN_ENUM_CONVERSION = YES;
				CLANG_WARN_INT_CONVERSION = YES;
				CLANG_WARN_OBJC_ROOT_CLASS = YES_ERROR;
				CLANG_WARN_UNREACHABLE_CODE = YES;
				CLANG_WARN__DUPLICATE_METHOD_MATCH = YES;
				CODE_SIGN_IDENTITY = "-";
				COPY_PHASE_STRIP = YES;
				DEBUG_INFORMATION_FORMAT = "dwarf-with-dsym";
				ENABLE_NS_ASSERTIONS = NO;
				ENABLE_STRICT_OBJC_MSGSEND = YES;
				GCC_C_LANGUAGE_STANDARD = gnu99;
				GCC_WARN_64_TO_32_BIT_CONVERSION = YES;
				GCC_WARN_ABOUT_RETURN_TYPE = YES_ERROR;
				GCC_WARN_UNDECLARED_SELECTOR = YES;
				GCC_WARN_UNINITIALIZED_AUTOS = YES_AGGRESSIVE;
				GCC_WARN_UNUSED_FUNCTION = YES;
				GCC_WARN_UNUSED_VARIABLE = YES;
				MACOSX_DEPLOYMENT_TARGET = 10.10;
				MTL_ENABLE_DEBUG_INFO = NO;
				OTHER_CFLAGS = "";
				OTHER_LDFLAGS = "-lz";
				SDKROOT = macosx;
			};
			name = Release;
		};
		C02A6C221A43CE9000049A7E /* Debug */ = {
			isa = XCBuildConfiguration;
			buildSettings = {
				ASSETCATALOG_COMPILER_APPICON_NAME = AppIcon;
				CLANG_ENABLE_MODULES = YES;
				COMBINE_HIDPI_IMAGES = YES;
				INFOPLIST_FILE = "instabtbu for mac/Info.plist";
				LD_RUNPATH_SEARCH_PATHS = "$(inherited) @executable_path/../Frameworks";
				LIBRARY_SEARCH_PATHS = (
					"$(inherited)",
					"$(PROJECT_DIR)/instabtbu",
					for,
					mac,
				);
				MACOSX_DEPLOYMENT_TARGET = 10.10;
				PRODUCT_BUNDLE_IDENTIFIER = "com.instabtbu.$(PRODUCT_NAME:rfc1034identifier)";
				PRODUCT_NAME = "instabtbu private";
				SWIFT_OBJC_BRIDGING_HEADER = "instabtbu for mac/instabtbu for mac-Bridging-Header.h";
				SWIFT_OPTIMIZATION_LEVEL = "-Onone";
			};
			name = Debug;
		};
		C02A6C231A43CE9000049A7E /* Release */ = {
			isa = XCBuildConfiguration;
			buildSettings = {
				ASSETCATALOG_COMPILER_APPICON_NAME = AppIcon;
				CLANG_ENABLE_MODULES = YES;
				COMBINE_HIDPI_IMAGES = YES;
				INFOPLIST_FILE = "instabtbu for mac/Info.plist";
				LD_RUNPATH_SEARCH_PATHS = "$(inherited) @executable_path/../Frameworks";
				LIBRARY_SEARCH_PATHS = (
					"$(inherited)",
					"$(PROJECT_DIR)/instabtbu",
					for,
					mac,
				);
				MACOSX_DEPLOYMENT_TARGET = 10.10;
				PRODUCT_BUNDLE_IDENTIFIER = "com.instabtbu.$(PRODUCT_NAME:rfc1034identifier)";
				PRODUCT_NAME = "instabtbu private";
				SWIFT_OBJC_BRIDGING_HEADER = "instabtbu for mac/instabtbu for mac-Bridging-Header.h";
			};
			name = Release;
		};
		C02A6C251A43CE9000049A7E /* Debug */ = {
			isa = XCBuildConfiguration;
			buildSettings = {
				BUNDLE_LOADER = "$(TEST_HOST)";
				COMBINE_HIDPI_IMAGES = YES;
				FRAMEWORK_SEARCH_PATHS = (
					"$(DEVELOPER_FRAMEWORKS_DIR)",
					"$(inherited)",
				);
				GCC_PREPROCESSOR_DEFINITIONS = (
					"DEBUG=1",
					"$(inherited)",
				);
				INFOPLIST_FILE = "instabtbu for macTests/Info.plist";
				LD_RUNPATH_SEARCH_PATHS = "$(inherited) @executable_path/../Frameworks @loader_path/../Frameworks";
				PRODUCT_BUNDLE_IDENTIFIER = "com.instabtbu.$(PRODUCT_NAME:rfc1034identifier)";
				PRODUCT_NAME = "instabtbu privateTests";
				TEST_HOST = "$(BUILT_PRODUCTS_DIR)/instabtbu for mac.app/Contents/MacOS/instabtbu for mac";
			};
			name = Debug;
		};
		C02A6C261A43CE9000049A7E /* Release */ = {
			isa = XCBuildConfiguration;
			buildSettings = {
				BUNDLE_LOADER = "$(TEST_HOST)";
				COMBINE_HIDPI_IMAGES = YES;
				FRAMEWORK_SEARCH_PATHS = (
					"$(DEVELOPER_FRAMEWORKS_DIR)",
					"$(inherited)",
				);
				INFOPLIST_FILE = "instabtbu for macTests/Info.plist";
				LD_RUNPATH_SEARCH_PATHS = "$(inherited) @executable_path/../Frameworks @loader_path/../Frameworks";
				PRODUCT_BUNDLE_IDENTIFIER = "com.instabtbu.$(PRODUCT_NAME:rfc1034identifier)";
				PRODUCT_NAME = "instabtbu privateTests";
				TEST_HOST = "$(BUILT_PRODUCTS_DIR)/instabtbu for mac.app/Contents/MacOS/instabtbu for mac";
			};
			name = Release;
		};
/* End XCBuildConfiguration section */

/* Begin XCConfigurationList section */
		C02A6C001A43CE9000049A7E /* Build configuration list for PBXProject "instabtbu private" */ = {
			isa = XCConfigurationList;
			buildConfigurations = (
				C02A6C1F1A43CE9000049A7E /* Debug */,
				C02A6C201A43CE9000049A7E /* Release */,
			);
			defaultConfigurationIsVisible = 0;
			defaultConfigurationName = Release;
		};
		C02A6C211A43CE9000049A7E /* Build configuration list for PBXNativeTarget "instabtbu private" */ = {
			isa = XCConfigurationList;
			buildConfigurations = (
				C02A6C221A43CE9000049A7E /* Debug */,
				C02A6C231A43CE9000049A7E /* Release */,
			);
			defaultConfigurationIsVisible = 0;
			defaultConfigurationName = Release;
		};
		C02A6C241A43CE9000049A7E /* Build configuration list for PBXNativeTarget "instabtbu privateTests" */ = {
			isa = XCConfigurationList;
			buildConfigurations = (
				C02A6C251A43CE9000049A7E /* Debug */,
				C02A6C261A43CE9000049A7E /* Release */,
			);
			defaultConfigurationIsVisible = 0;
			defaultConfigurationName = Release;
		};
/* End XCConfigurationList section */
	};
	rootObject = C02A6BFD1A43CE9000049A7E /* Project object */;
}
